
Microsoft Visual Studio Solution File, Format Version 12.00
# Visual Studio Version 17
VisualStudioVersion = 17.5.33530.505
MinimumVisualStudioVersion = 10.0.40219.1
Project("{FAE04EC0-301F-11D3-BF4B-00C04F79EFBC}") = "Up_Meet_Group", "Up_Meet_Group\Up_Meet_Group.csproj", "{2C5511E6-D4EE-4556-A742-FE163EAD74B4}"
EndProject
Global
	GlobalSection(SolutionConfigurationPlatforms) = preSolution
		Debug|Any CPU = Debug|Any CPU
		Release|Any CPU = Release|Any CPU
	EndGlobalSection
	GlobalSection(ProjectConfigurationPlatforms) = postSolution
		{2C5511E6-D4EE-4556-A742-FE163EAD74B4}.Debug|Any CPU.ActiveCfg = Debug|Any CPU
		{2C5511E6-D4EE-4556-A742-FE163EAD74B4}.Debug|Any CPU.Build.0 = Debug|Any CPU
		{2C5511E6-D4EE-4556-A742-FE163EAD74B4}.Release|Any CPU.ActiveCfg = Release|Any CPU
		{2C5511E6-D4EE-4556-A742-FE163EAD74B4}.Release|Any CPU.Build.0 = Release|Any CPU
	EndGlobalSection
	GlobalSection(SolutionProperties) = preSolution
		HideSolutionNode = FALSE
	EndGlobalSection
	GlobalSection(ExtensibilityGlobals) = postSolution
		SolutionGuid = {D5071631-F82B-410E-870A-A0FEA5E313AB}
	EndGlobalSection
EndGlobal
